
Microsoft Visual Studio Solution File, Format Version 12.00
# Visual Studio Version 16
VisualStudioVersion = 16.0.31402.337
MinimumVisualStudioVersion = 10.0.40219.1
Project("{9A19103F-16F7-4668-BE54-9A1E7A4F7556}") = "EmployeeMVC01", "EmployeeMVC01\EmployeeMVC01.csproj", "{7869EEE0-2131-473B-948B-C286C4A06236}"
EndProject
Project("{9A19103F-16F7-4668-BE54-9A1E7A4F7556}") = "EmployeeRESTAPI", "EmployeeRESTAPI\EmployeeRESTAPI.csproj", "{954E4401-A816-4B23-BAC8-1E1540E9F5E8}"
EndProject
Global
	GlobalSection(SolutionConfigurationPlatforms) = preSolution
		Debug|Any CPU = Debug|Any CPU
		Release|Any CPU = Release|Any CPU
	EndGlobalSection
	GlobalSection(ProjectConfigurationPlatforms) = postSolution
		{7869EEE0-2131-473B-948B-C286C4A06236}.Debug|Any CPU.ActiveCfg = Debug|Any CPU
		{7869EEE0-2131-473B-948B-C286C4A06236}.Debug|Any CPU.Build.0 = Debug|Any CPU
		{7869EEE0-2131-473B-948B-C286C4A06236}.Release|Any CPU.ActiveCfg = Release|Any CPU
		{7869EEE0-2131-473B-948B-C286C4A06236}.Release|Any CPU.Build.0 = Release|Any CPU
		{954E4401-A816-4B23-BAC8-1E1540E9F5E8}.Debug|Any CPU.ActiveCfg = Debug|Any CPU
		{954E4401-A816-4B23-BAC8-1E1540E9F5E8}.Debug|Any CPU.Build.0 = Debug|Any CPU
		{954E4401-A816-4B23-BAC8-1E1540E9F5E8}.Release|Any CPU.ActiveCfg = Release|Any CPU
		{954E4401-A816-4B23-BAC8-1E1540E9F5E8}.Release|Any CPU.Build.0 = Release|Any CPU
	EndGlobalSection
	GlobalSection(SolutionProperties) = preSolution
		HideSolutionNode = FALSE
	EndGlobalSection
	GlobalSection(ExtensibilityGlobals) = postSolution
		SolutionGuid = {F62CA84C-AC70-47ED-9CEF-E3C8D6B7FF49}
	EndGlobalSection
EndGlobal
